
Microsoft Visual Studio Solution File, Format Version 12.00
# Visual Studio 15
VisualStudioVersion = 15.0.27703.2026
MinimumVisualStudioVersion = 10.0.40219.1
Project("{FAE04EC0-301F-11D3-BF4B-00C04F79EFBC}") = "slike", "slike\slike.csproj", "{E71AAF1E-A4CF-480B-81F0-40E20FA63271}"
EndProject
Global
	GlobalSection(SolutionConfigurationPlatforms) = preSolution
		Debug|Any CPU = Debug|Any CPU
		Release|Any CPU = Release|Any CPU
	EndGlobalSection
	GlobalSection(ProjectConfigurationPlatforms) = postSolution
		{E71AAF1E-A4CF-480B-81F0-40E20FA63271}.Debug|Any CPU.ActiveCfg = Debug|Any CPU
		{E71AAF1E-A4CF-480B-81F0-40E20FA63271}.Debug|Any CPU.Build.0 = Debug|Any CPU
		{E71AAF1E-A4CF-480B-81F0-40E20FA63271}.Release|Any CPU.ActiveCfg = Release|Any CPU
		{E71AAF1E-A4CF-480B-81F0-40E20FA63271}.Release|Any CPU.Build.0 = Release|Any CPU
	EndGlobalSection
	GlobalSection(SolutionProperties) = preSolution
		HideSolutionNode = FALSE
	EndGlobalSection
	GlobalSection(ExtensibilityGlobals) = postSolution
		SolutionGuid = {8B669342-9251-4AE6-A7E4-F8791EFCEA2B}
	EndGlobalSection
EndGlobal
